
Microsoft Visual Studio Solution File, Format Version 12.00
# Visual Studio 14
VisualStudioVersion = 14.0.25420.1
MinimumVisualStudioVersion = 10.0.40219.1
Project("{FAE04EC0-301F-11D3-BF4B-00C04F79EFBC}") = "Mini-27-RollerCoaster", "Mini-27-RollerCoaster\Mini-27-RollerCoaster.csproj", "{B48DE746-8128-4580-8554-C05766509215}"
EndProject
Global
	GlobalSection(SolutionConfigurationPlatforms) = preSolution
		Debug|Any CPU = Debug|Any CPU
		Release|Any CPU = Release|Any CPU
	EndGlobalSection
	GlobalSection(ProjectConfigurationPlatforms) = postSolution
		{B48DE746-8128-4580-8554-C05766509215}.Debug|Any CPU.ActiveCfg = Debug|Any CPU
		{B48DE746-8128-4580-8554-C05766509215}.Debug|Any CPU.Build.0 = Debug|Any CPU
		{B48DE746-8128-4580-8554-C05766509215}.Release|Any CPU.ActiveCfg = Release|Any CPU
		{B48DE746-8128-4580-8554-C05766509215}.Release|Any CPU.Build.0 = Release|Any CPU
	EndGlobalSection
	GlobalSection(SolutionProperties) = preSolution
		HideSolutionNode = FALSE
	EndGlobalSection
EndGlobal
